{
  "nodes": {
    "home-manager": {
      "inputs": {
        "nixpkgs": [
          "nixpkgs"
        ]
      },
      "locked": {
        "lastModified": 1707919853,
        "narHash": "sha256-qxmBGDzutuJ/tsX4gp+Mr7fjxOZBbeT9ixhS5o4iFOw=",
        "owner": "nix-community",
        "repo": "home-manager",
        "rev": "043ba285c6dc20f36441d48525402bcb9743c498",
        "type": "github"
      },
      "original": {
        "owner": "nix-community",
        "repo": "home-manager",
        "type": "github"
      }
    },
    "nixpkgs": {
      "locked": {
        "lastModified": 1708021552,
        "narHash": "sha256-rp+SfRVYL0inTlAIVfbcUQiOZimQDutkfgbNVoo/nxI=",
        "owner": "NixOS",
        "repo": "nixpkgs",
        "rev": "58f563b14d2b474a41efc65bf05bc86ae329fed1",
        "type": "github"
      },
      "original": {
        "owner": "NixOS",
        "repo": "nixpkgs",
        "type": "github"
      }
    },
    "root": {
      "inputs": {
        "home-manager": "home-manager",
        "nixpkgs": "nixpkgs"
      }
    }
  },
  "root": "root",
  "version": 7
}
